
Microsoft Visual Studio Solution File, Format Version 12.00
# Visual Studio Version 17
VisualStudioVersion = 17.5.33414.496
MinimumVisualStudioVersion = 10.0.40219.1
Project("{FAE04EC0-301F-11D3-BF4B-00C04F79EFBC}") = "GameTask4ConsoleApp", "GameTask4ConsoleApp\GameTask4ConsoleApp.csproj", "{59595602-C29B-405D-967B-D597CCC525B9}"
EndProject
Global
	GlobalSection(SolutionConfigurationPlatforms) = preSolution
		Debug|Any CPU = Debug|Any CPU
		Release|Any CPU = Release|Any CPU
	EndGlobalSection
	GlobalSection(ProjectConfigurationPlatforms) = postSolution
		{59595602-C29B-405D-967B-D597CCC525B9}.Debug|Any CPU.ActiveCfg = Debug|Any CPU
		{59595602-C29B-405D-967B-D597CCC525B9}.Debug|Any CPU.Build.0 = Debug|Any CPU
		{59595602-C29B-405D-967B-D597CCC525B9}.Release|Any CPU.ActiveCfg = Release|Any CPU
		{59595602-C29B-405D-967B-D597CCC525B9}.Release|Any CPU.Build.0 = Release|Any CPU
	EndGlobalSection
	GlobalSection(SolutionProperties) = preSolution
		HideSolutionNode = FALSE
	EndGlobalSection
	GlobalSection(ExtensibilityGlobals) = postSolution
		SolutionGuid = {4F1E5CE9-6FA7-4B5F-BD96-22D8CEDAEE47}
	EndGlobalSection
EndGlobal
